
Microsoft Visual Studio Solution File, Format Version 12.00
# Visual Studio 2012
Project("{FAE04EC0-301F-11D3-BF4B-00C04F79EFBC}") = "WeightWatch", "WeightWatch\WeightWatch.csproj", "{969623CD-46A9-4752-AA1B-B2D58E156A5E}"
EndProject
Global
	GlobalSection(TestCaseManagementSettings) = postSolution
		CategoryFile = WeightWatch.vsmdi
	EndGlobalSection
	GlobalSection(SolutionConfigurationPlatforms) = preSolution
		Debug|Any CPU = Debug|Any CPU
		Debug|ARM = Debug|ARM
		Debug|x86 = Debug|x86
		Release|Any CPU = Release|Any CPU
		Release|ARM = Release|ARM
		Release|x86 = Release|x86
	EndGlobalSection
	GlobalSection(ProjectConfigurationPlatforms) = postSolution
		{969623CD-46A9-4752-AA1B-B2D58E156A5E}.Debug|Any CPU.ActiveCfg = Debug|Any CPU
		{969623CD-46A9-4752-AA1B-B2D58E156A5E}.Debug|Any CPU.Build.0 = Debug|Any CPU
		{969623CD-46A9-4752-AA1B-B2D58E156A5E}.Debug|Any CPU.Deploy.0 = Debug|Any CPU
		{969623CD-46A9-4752-AA1B-B2D58E156A5E}.Debug|ARM.ActiveCfg = Debug|Any CPU
		{969623CD-46A9-4752-AA1B-B2D58E156A5E}.Debug|x86.ActiveCfg = Debug|Any CPU
		{969623CD-46A9-4752-AA1B-B2D58E156A5E}.Release|Any CPU.ActiveCfg = Release|Any CPU
		{969623CD-46A9-4752-AA1B-B2D58E156A5E}.Release|Any CPU.Build.0 = Release|Any CPU
		{969623CD-46A9-4752-AA1B-B2D58E156A5E}.Release|Any CPU.Deploy.0 = Release|Any CPU
		{969623CD-46A9-4752-AA1B-B2D58E156A5E}.Release|ARM.ActiveCfg = Release|Any CPU
		{969623CD-46A9-4752-AA1B-B2D58E156A5E}.Release|x86.ActiveCfg = Release|Any CPU
	EndGlobalSection
	GlobalSection(SolutionProperties) = preSolution
		HideSolutionNode = FALSE
	EndGlobalSection
EndGlobal
